
Microsoft Visual Studio Solution File, Format Version 12.00
# Visual Studio 2012
Project("{FAE04EC0-301F-11D3-BF4B-00C04F79EFBC}") = "WintabControl", "WintabControl\WintabControl.csproj", "{7F1017AA-8589-40C1-953B-0389AA69570B}"
EndProject
Project("{FAE04EC0-301F-11D3-BF4B-00C04F79EFBC}") = "WintabDN", "..\..\Products\SDK\Wintab\WintabDN\WintabDN\WintabDN.csproj", "{73EAE30A-60B9-43A5-AD81-9B05873E405C}"
EndProject
Global
	GlobalSection(SolutionConfigurationPlatforms) = preSolution
		Debug|Any CPU = Debug|Any CPU
		Release|Any CPU = Release|Any CPU
	EndGlobalSection
	GlobalSection(ProjectConfigurationPlatforms) = postSolution
		{7F1017AA-8589-40C1-953B-0389AA69570B}.Debug|Any CPU.ActiveCfg = Debug|Any CPU
		{7F1017AA-8589-40C1-953B-0389AA69570B}.Debug|Any CPU.Build.0 = Debug|Any CPU
		{7F1017AA-8589-40C1-953B-0389AA69570B}.Release|Any CPU.ActiveCfg = Release|Any CPU
		{7F1017AA-8589-40C1-953B-0389AA69570B}.Release|Any CPU.Build.0 = Release|Any CPU
		{73EAE30A-60B9-43A5-AD81-9B05873E405C}.Debug|Any CPU.ActiveCfg = Debug|Any CPU
		{73EAE30A-60B9-43A5-AD81-9B05873E405C}.Debug|Any CPU.Build.0 = Debug|Any CPU
		{73EAE30A-60B9-43A5-AD81-9B05873E405C}.Release|Any CPU.ActiveCfg = Release|Any CPU
		{73EAE30A-60B9-43A5-AD81-9B05873E405C}.Release|Any CPU.Build.0 = Release|Any CPU
	EndGlobalSection
	GlobalSection(SolutionProperties) = preSolution
		HideSolutionNode = FALSE
	EndGlobalSection
EndGlobal
